# platform: linux-64
# env_hash: 4d00f0cc5812bd0530daafab59b508e049ec5166bbd94b806869aeb4a49e4d79
@EXPLICIT
https://conda.anaconda.org/conda-forge/linux-64/_libgcc_mutex-0.1-conda_forge.tar.bz2#d7c89558ba9fa0495403155b64376d81
https://conda.anaconda.org/main/linux-64/blas-1.0-mkl.tar.bz2#751c2c5b239a728db05f91374aaac3a1
https://conda.anaconda.org/main/linux-64/ca-certificates-2020.6.24-0.tar.bz2#f12265ceaed925739b782ff4a60e2241
https://conda.anaconda.org/main/linux-64/cudatoolkit-10.1.243-h6bb024c_0.tar.bz2#0fab1ab5da0a51c6eb907cb5b4e8fc1b
https://conda.anaconda.org/main/linux-64/intel-openmp-2020.1-217.tar.bz2#3981aed1d883a49ca0d4f1762ea943b7
https://conda.anaconda.org/conda-forge/noarch/kernel-headers_linux-64-2.6.32-h77966d4_13.tar.bz2#182b3bbe97ca334be3ccb50b80810bb1
https://conda.anaconda.org/conda-forge/linux-64/ld_impl_linux-64-2.34-hc38a660_9.tar.bz2#aa1e7603f8dd36f8d60026cda3f1fb2c
https://conda.anaconda.org/conda-forge/linux-64/libgcc-devel_linux-64-9.3.0-hfd08b2a_14.tar.bz2#3f6a186d54e54ef23e58256c8cfbe204
https://conda.anaconda.org/conda-forge/linux-64/libgfortran-ng-7.5.0-hdf63c60_14.tar.bz2#c7c52cb6d4d49b50c4fd23d419e1be31
https://conda.anaconda.org/conda-forge/linux-64/libstdcxx-devel_linux-64-9.3.0-h4084dd6_14.tar.bz2#8d712ed207a20e5e3def0a280e83df41
https://conda.anaconda.org/conda-forge/linux-64/libstdcxx-ng-9.3.0-hdf63c60_14.tar.bz2#e1dd88e09cea773aef5053a44d601565
https://conda.anaconda.org/conda-forge/linux-64/libgomp-9.3.0-h24d8f2e_14.tar.bz2#f7963ba2ccc169be017d6b6926f49727
https://conda.anaconda.org/main/linux-64/mkl-2020.1-217.tar.bz2#3b5aab2233078d672f41082e2e6dffb0
https://conda.anaconda.org/conda-forge/noarch/sysroot_linux-64-2.12-h77966d4_13.tar.bz2#e411486a18c4f61c59083c5792c1ce3b
https://conda.anaconda.org/conda-forge/linux-64/_openmp_mutex-4.5-1_gnu.tar.bz2#561e277319a41d4f24f5c05a9ef63c04
https://conda.anaconda.org/conda-forge/linux-64/binutils_impl_linux-64-2.34-h2122c62_9.tar.bz2#3821fcc9c963b6d3e337900419c8acf9
https://conda.anaconda.org/conda-forge/linux-64/binutils_linux-64-2.34-h47ac705_27.tar.bz2#dab9507161e6e0fbf298ac3ce749781a
https://conda.anaconda.org/conda-forge/linux-64/libgcc-ng-9.3.0-h24d8f2e_14.tar.bz2#68e816ab7a4b4954b475131a4819802d
https://conda.anaconda.org/conda-forge/linux-64/gcc_impl_linux-64-9.3.0-ha2fd2e4_14.tar.bz2#3539871a274587c3108de5d3c710ba55
https://conda.anaconda.org/main/linux-64/libffi-3.2.1-hd88cf55_4.tar.bz2#723c98107d830bdf000772bf1976e0c3
https://conda.anaconda.org/main/linux-64/libllvm9-9.0.1-h4a3c616_1.tar.bz2#287f7bdfeb66df78d82059171cecf030
https://conda.anaconda.org/conda-forge/linux-64/libopenblas-0.3.10-pthreads_hb3c22a3_4.tar.bz2#8e3914247353e97a184909dbee132bfb
https://conda.anaconda.org/main/linux-64/ncurses-6.2-he6710b0_1.tar.bz2#e8ca84eda38cda3b462addd143a2e7b7
https://conda.anaconda.org/main/linux-64/openssl-1.1.1g-h7b6447c_0.tar.bz2#c6c1c43a0d45b83aa31a4f3a2d7839bd
https://conda.anaconda.org/conda-forge/linux-64/tbb-2020.1-hc9558a2_0.tar.bz2#ca5543a3b0f8d62e38c5122a30f1aabd
https://conda.anaconda.org/main/linux-64/xz-5.2.5-h7b6447c_0.tar.bz2#e17620ef8fc8654e77f53b4f2995b288
https://conda.anaconda.org/main/linux-64/yaml-0.2.5-h7b6447c_0.tar.bz2#fcff4f33bb4e3fa91f8d5c3168807abb
https://conda.anaconda.org/main/linux-64/zlib-1.2.11-h7b6447c_3.tar.bz2#e76217678961a4836e1067a2d11603e2
https://conda.anaconda.org/conda-forge/linux-64/gcc_linux-64-9.3.0-h44160b2_27.tar.bz2#f81ee5a139179efe0beadb99d94194c4
https://conda.anaconda.org/conda-forge/linux-64/gxx_impl_linux-64-9.3.0-hde52e87_14.tar.bz2#830f8ddf6245ea8026e11265162a5b5f
https://conda.anaconda.org/main/linux-64/libedit-3.1.20191231-h14c3975_1.tar.bz2#6448fbc5c3a35ff00bb1e5e066bc929a
https://conda.anaconda.org/conda-forge/linux-64/openblas-0.3.10-pthreads_hf183345_4.tar.bz2#bed72bb41186e1d570f92d2c30ee3eed
https://conda.anaconda.org/main/linux-64/readline-8.0-h7b6447c_0.tar.bz2#724f71ddc8b5a95db3d97023c788959f
https://conda.anaconda.org/main/linux-64/tk-8.6.10-hbc83047_0.tar.bz2#76350e04c66dde3f9d94884866ed70c3
https://conda.anaconda.org/conda-forge/linux-64/gxx_linux-64-9.3.0-ha9dd585_27.tar.bz2#490d9fd76542eece7dbed4b30d623273
https://conda.anaconda.org/main/linux-64/sqlite-3.32.3-h62c20be_0.tar.bz2#6a6a0ab0b63b707498d6cc68c3c53baf
https://conda.anaconda.org/conda-forge/linux-64/python-3.7.8-h425cb1d_1_cpython.tar.bz2#3197fc7597f6d13d32350dd93e15f3e2
https://conda.anaconda.org/main/noarch/asciitree-0.3.3-py_2.tar.bz2#c39f5ec48b011f1fe24dee7949378176
https://conda.anaconda.org/conda-forge/noarch/astor-0.8.1-pyh9f0ad1d_0.tar.bz2#6ae770689be59dc391ef974d2e849b56
https://conda.anaconda.org/main/noarch/attrs-19.3.0-py_0.tar.bz2#ebeb075ab07bf93a297ecfda7f76decb
https://conda.anaconda.org/main/noarch/backcall-0.2.0-py_0.tar.bz2#3d4549a36a54448196be416097f0ff64
https://conda.anaconda.org/main/linux-64/certifi-2020.6.20-py37_0.tar.bz2#032d5214aef490bce4eea2f805f6a4e9
https://conda.anaconda.org/main/linux-64/chardet-3.0.4-py37_1003.tar.bz2#4673a0eeb34260a3610c1e808447e6a9
https://conda.anaconda.org/main/noarch/decorator-4.4.2-py_0.tar.bz2#4e298eec53d4a26726195d61ae144faf
https://conda.anaconda.org/conda-forge/noarch/frozendict-1.2-pyh9f0ad1d_3.tar.bz2#6916a506e34f8f17382f5abf3e6368bb
https://conda.anaconda.org/main/noarch/idna-2.10-py_0.tar.bz2#4b382d70696184fe9fcb7c75682664dc
https://conda.anaconda.org/main/linux-64/ipython_genutils-0.2.0-py37_0.tar.bz2#3f663952d0c9fc552ba341ed6dab38e3
https://conda.anaconda.org/main/linux-64/llvmlite-0.33.0-py37hc6ec683_1.tar.bz2#e5c0014df9afbf09b86881b6765c07b6
https://conda.anaconda.org/main/noarch/monotonic-1.5-py_0.tar.bz2#371d1dffd3fe0c6da1fe6423b7509337
https://conda.anaconda.org/main/linux-64/msgpack-python-1.0.0-py37hfd86e86_1.tar.bz2#1deec9b6a2d77d92a812c35880870457
https://conda.anaconda.org/main/linux-64/ninja-1.10.0-py37hfd86e86_0.tar.bz2#5f48de3e2e8de724334fd837a22d0ced
https://conda.anaconda.org/conda-forge/noarch/parso-0.7.1-pyh9f0ad1d_0.tar.bz2#f66647d1ec805566d72ac26f62b19c01
https://conda.anaconda.org/main/linux-64/pickleshare-0.7.5-py37_1001.tar.bz2#8116cfb11f8016ed9fcacb0d401f3f1b
https://conda.anaconda.org/main/linux-64/ptyprocess-0.6.0-py37_0.tar.bz2#1742c71b043249516ea6e3808860ec76
https://conda.anaconda.org/main/noarch/pycparser-2.20-py_2.tar.bz2#bc20c885814700fdc0187918f9aff9ac
https://conda.anaconda.org/main/noarch/pyparsing-2.4.7-py_0.tar.bz2#f185dd8ef8d8d543666158c07b3afe13
https://conda.anaconda.org/main/linux-64/pysocks-1.7.1-py37_1.tar.bz2#ed9a2fb08846250c279c0a3b691c1602
https://conda.anaconda.org/conda-forge/linux-64/python_abi-3.7-1_cp37m.tar.bz2#658a5c3d766bfc6574480204b10a6f20
https://conda.anaconda.org/main/noarch/pytz-2020.1-py_0.tar.bz2#ed81825324989d8f8f77a4ffd6ad1fdc
https://conda.anaconda.org/main/linux-64/pyyaml-5.3.1-py37h7b6447c_1.tar.bz2#3a8a300f87fb43778c1f99f3069e9796
https://conda.anaconda.org/main/noarch/six-1.15.0-py_0.tar.bz2#0d41d5bff9a456f76f0ef718dc7a573a
https://conda.anaconda.org/main/noarch/toolz-0.10.0-py_0.tar.bz2#0174db18693bebfed1e414f6be7b9169
https://conda.anaconda.org/main/noarch/wcwidth-0.2.5-py_0.tar.bz2#d2e33d50573939f4724f8fbd0dcc3439
https://conda.anaconda.org/main/noarch/zipp-3.1.0-py_0.tar.bz2#9ae8197a39c6d488df16fd061b29fb71
https://conda.anaconda.org/uw-ipd/noarch/attrs-strict-0.2.0-py_0.tar.bz2#19d7e1fe56a6c71cdd4dc133c2a1bdf4
https://conda.anaconda.org/main/noarch/cattrs-1.0.0-py_1.tar.bz2#d706e9957a1b0fc41590bbd1a9199ea9
https://conda.anaconda.org/conda-forge/linux-64/cffi-1.14.1-py37h2b28604_0.tar.bz2#0cff4c98934c47ee9c6ac0691e6a5394
https://conda.anaconda.org/main/noarch/fasteners-0.15-py_0.tar.bz2#162b371c55397c81acd21e27ff5cb14c
https://conda.anaconda.org/main/linux-64/importlib-metadata-1.7.0-py37_0.tar.bz2#c83bb4ad15dc93024f24734da5f2aa89
https://conda.anaconda.org/main/linux-64/jedi-0.17.2-py37_0.tar.bz2#5002bd75fe544576675cacbdc910856c
https://conda.anaconda.org/main/linux-64/mkl-service-2.3.0-py37he904b0f_0.tar.bz2#7b624f3f5cc1d6a3b5c9c300c89b3025
https://conda.anaconda.org/main/noarch/packaging-20.4-py_0.tar.bz2#80eb4e4cda8abe15fb013ab97a0b5bd9
https://conda.anaconda.org/main/linux-64/pexpect-4.8.0-py37_1.tar.bz2#753c654d2913398e2d863faace1f6e79
https://conda.anaconda.org/main/noarch/python-dateutil-2.8.1-py_0.tar.bz2#58a898b1a4a13e8c0cfd0d4b1a999ba9
https://conda.anaconda.org/conda-forge/linux-64/setuptools-49.3.1-py37hc8dfbb8_0.tar.bz2#c192f082f4d7c787d4213fabc27a42c8
https://conda.anaconda.org/main/linux-64/traitlets-4.3.3-py37_0.tar.bz2#1e31d870dd09f8f0f93d567b164467ec
https://conda.anaconda.org/main/linux-64/brotlipy-0.7.0-py37h7b6447c_1000.tar.bz2#86ce9efcd0a61aaf294a1824d771143f
https://conda.anaconda.org/conda-forge/linux-64/cryptography-3.0-py37hb09aad4_0.tar.bz2#f8361ea8fbebac7549f354b2eba98858
https://conda.anaconda.org/main/noarch/importlib_metadata-1.7.0-0.tar.bz2#d77fe40254a8ac343cb5e6ae6daa8ae9
https://conda.anaconda.org/main/linux-64/numpy-base-1.19.1-py37hfa32c7d_0.tar.bz2#c496a360a8048abf89815bee9a66ca89
https://conda.anaconda.org/main/noarch/pygments-2.6.1-py_0.tar.bz2#67fd9646eb0c49c4fafec67b88d9c404
https://conda.anaconda.org/main/linux-64/wheel-0.34.2-py37_0.tar.bz2#26287a503e7ca973fcdcafc9e58fbbc4
https://conda.anaconda.org/conda-forge/noarch/pint-0.14-py_0.tar.bz2#3010ea22c0b9f87d7e8b4b99e7ceb077
https://conda.anaconda.org/conda-forge/noarch/pip-20.2.2-py_0.tar.bz2#57798ba6160d1d07af733d98a7239d90
https://conda.anaconda.org/conda-forge/noarch/prompt-toolkit-3.0.6-py_0.tar.bz2#1a9b505ec4793f31ca4ad46c6392606e
https://conda.anaconda.org/main/linux-64/pyopenssl-19.1.0-py37_0.tar.bz2#ed50bdd4a6a9c3045062170b43cecb3e
https://conda.anaconda.org/main/linux-64/ipython-7.17.0-py37h39e3cac_0.tar.bz2#280d6a99f1f1091b8ce99479aab82d38
https://conda.anaconda.org/conda-forge/noarch/urllib3-1.25.10-py_0.tar.bz2#82cde2a532177697e42a090add881db8
https://conda.anaconda.org/main/noarch/requests-2.24.0-py_0.tar.bz2#0da8872d36b3ef33859654b6d0fea148
https://conda.anaconda.org/main/linux-64/mkl_fft-1.1.0-py37h23d657b_0.tar.bz2#9713fc39a4a61dbe0d1acabceabc58e3
https://conda.anaconda.org/main/linux-64/mkl_random-1.1.1-py37h0573a6f_0.tar.bz2#4998eb9421ce079ab4fb0618196f6524
https://conda.anaconda.org/main/linux-64/numpy-1.19.1-py37hbc911f0_0.tar.bz2#bccb23990e40e3fe08ec89eaafb52c75
https://conda.anaconda.org/numba/linux-64/numba-0.50.1-np1.11py3.7h04863e7_gbfd9be18f_0.tar.bz2#791661a00a169a341ac6d61542b5ad3f
https://conda.anaconda.org/main/linux-64/numcodecs-0.6.4-py37he6710b0_0.tar.bz2#b0ef15cba8241aa6e339bec71dac12cb
https://conda.anaconda.org/main/linux-64/pandas-0.25.3-py37he6710b0_0.tar.bz2#53d730f78f37ae23a1ab890c55fc7964
https://conda.anaconda.org/pytorch/linux-64/pytorch-1.6.0-py3.7_cuda10.1.243_cudnn7.6.3_0.tar.bz2#bc38dc8fa0fb72328d4347eae51b82c2
https://conda.anaconda.org/main/linux-64/scipy-1.1.0-py37h7c811a0_2.tar.bz2#472a8443c319e373d8e88d734db81e23
https://conda.anaconda.org/conda-forge/noarch/sparse-0.3.1-py_0.tar.bz2#753266f7f7e8f6440de046d0d42c97c2
https://conda.anaconda.org/conda-forge/noarch/zarr-2.4.0-py_0.tar.bz2#57d5031b1a07f73f6a671fba6eccbd2a
