# platform: linux-64
# env_hash: aed042ccdaec8e0708e78f43794b5166d7114235056c2e10b37f7ac837680b05
@EXPLICIT
https://conda.anaconda.org/conda-forge/linux-64/_libgcc_mutex-0.1-conda_forge.tar.bz2#d7c89558ba9fa0495403155b64376d81
https://conda.anaconda.org/main/linux-64/blas-1.0-openblas.tar.bz2#671f6e045d03a842f379145e7fc43c0d
https://conda.anaconda.org/main/linux-64/ca-certificates-2020.6.24-0.tar.bz2#f12265ceaed925739b782ff4a60e2241
https://conda.anaconda.org/main/linux-64/cudatoolkit-10.0.130-0.tar.bz2#4388ad6015992501b042eea5197eb447
https://conda.anaconda.org/main/linux-64/intel-openmp-2020.1-217.tar.bz2#3981aed1d883a49ca0d4f1762ea943b7
https://conda.anaconda.org/conda-forge/noarch/kernel-headers_linux-64-2.6.32-h77966d4_13.tar.bz2#182b3bbe97ca334be3ccb50b80810bb1
https://conda.anaconda.org/conda-forge/linux-64/ld_impl_linux-64-2.34-hc38a660_9.tar.bz2#aa1e7603f8dd36f8d60026cda3f1fb2c
https://conda.anaconda.org/conda-forge/linux-64/libgcc-devel_linux-64-9.3.0-hfd08b2a_14.tar.bz2#3f6a186d54e54ef23e58256c8cfbe204
https://conda.anaconda.org/conda-forge/linux-64/libgfortran-ng-7.5.0-hdf63c60_14.tar.bz2#c7c52cb6d4d49b50c4fd23d419e1be31
https://conda.anaconda.org/conda-forge/linux-64/libstdcxx-devel_linux-64-9.3.0-h4084dd6_14.tar.bz2#8d712ed207a20e5e3def0a280e83df41
https://conda.anaconda.org/conda-forge/linux-64/libstdcxx-ng-9.3.0-hdf63c60_14.tar.bz2#e1dd88e09cea773aef5053a44d601565
https://conda.anaconda.org/conda-forge/linux-64/tbb-2018_20171205-0.tar.bz2#d59eb756f95375dae39b947fdb2ab53d
https://conda.anaconda.org/conda-forge/linux-64/libgomp-9.3.0-h24d8f2e_14.tar.bz2#f7963ba2ccc169be017d6b6926f49727
https://conda.anaconda.org/main/linux-64/mkl-2020.1-217.tar.bz2#3b5aab2233078d672f41082e2e6dffb0
https://conda.anaconda.org/main/linux-64/nomkl-3.0-0.tar.bz2#dd8bdca858ba54245790a3cab33cec32
https://conda.anaconda.org/conda-forge/noarch/sysroot_linux-64-2.12-h77966d4_13.tar.bz2#e411486a18c4f61c59083c5792c1ce3b
https://conda.anaconda.org/conda-forge/linux-64/_openmp_mutex-4.5-1_gnu.tar.bz2#561e277319a41d4f24f5c05a9ef63c04
https://conda.anaconda.org/conda-forge/linux-64/binutils_impl_linux-64-2.34-h2122c62_9.tar.bz2#3821fcc9c963b6d3e337900419c8acf9
https://conda.anaconda.org/conda-forge/linux-64/binutils_linux-64-2.34-h47ac705_26.tar.bz2#fe65d908f3e038ebfee9e1b062fe1811
https://conda.anaconda.org/conda-forge/linux-64/libgcc-ng-9.3.0-h24d8f2e_14.tar.bz2#68e816ab7a4b4954b475131a4819802d
https://conda.anaconda.org/conda-forge/linux-64/gcc_impl_linux-64-9.3.0-ha2fd2e4_14.tar.bz2#3539871a274587c3108de5d3c710ba55
https://conda.anaconda.org/main/linux-64/libffi-3.2.1-hd88cf55_4.tar.bz2#723c98107d830bdf000772bf1976e0c3
https://conda.anaconda.org/main/linux-64/libopenblas-0.3.10-h5a2b251_0.tar.bz2#9aabc4bb8d65076053ccf58132ba794a
https://conda.anaconda.org/main/linux-64/ncurses-6.2-he6710b0_1.tar.bz2#e8ca84eda38cda3b462addd143a2e7b7
https://conda.anaconda.org/main/linux-64/openssl-1.1.1g-h7b6447c_0.tar.bz2#c6c1c43a0d45b83aa31a4f3a2d7839bd
https://conda.anaconda.org/main/linux-64/xz-5.2.5-h7b6447c_0.tar.bz2#e17620ef8fc8654e77f53b4f2995b288
https://conda.anaconda.org/main/linux-64/yaml-0.2.5-h7b6447c_0.tar.bz2#fcff4f33bb4e3fa91f8d5c3168807abb
https://conda.anaconda.org/main/linux-64/zlib-1.2.11-h7b6447c_3.tar.bz2#e76217678961a4836e1067a2d11603e2
https://conda.anaconda.org/conda-forge/linux-64/gcc_linux-64-9.3.0-h44160b2_26.tar.bz2#f24ad57e4883b56c61ed5d62595cda36
https://conda.anaconda.org/conda-forge/linux-64/gxx_impl_linux-64-9.3.0-hde52e87_14.tar.bz2#830f8ddf6245ea8026e11265162a5b5f
https://conda.anaconda.org/main/linux-64/libedit-3.1.20191231-h14c3975_1.tar.bz2#6448fbc5c3a35ff00bb1e5e066bc929a
https://conda.anaconda.org/main/linux-64/openblas-devel-0.3.10-0.tar.bz2#f723dec5673237218a57e221380f76e0
https://conda.anaconda.org/main/linux-64/readline-8.0-h7b6447c_0.tar.bz2#724f71ddc8b5a95db3d97023c788959f
https://conda.anaconda.org/main/linux-64/tk-8.6.10-hbc83047_0.tar.bz2#76350e04c66dde3f9d94884866ed70c3
https://conda.anaconda.org/conda-forge/linux-64/gxx_linux-64-9.3.0-ha9dd585_26.tar.bz2#4688b5dd4c69377a480028a8c40c7c66
https://conda.anaconda.org/main/linux-64/openblas-0.3.10-0.tar.bz2#24aebe7652ca138aa2fa0fe4d6f645fe
https://conda.anaconda.org/main/linux-64/sqlite-3.32.3-h62c20be_0.tar.bz2#6a6a0ab0b63b707498d6cc68c3c53baf
https://conda.anaconda.org/conda-forge/linux-64/python-3.6.11-h425cb1d_2_cpython.tar.bz2#fef3795910be170b76705535b56f5fd0
https://conda.anaconda.org/main/noarch/asciitree-0.3.3-py_2.tar.bz2#c39f5ec48b011f1fe24dee7949378176
https://conda.anaconda.org/conda-forge/noarch/astor-0.8.1-pyh9f0ad1d_0.tar.bz2#6ae770689be59dc391ef974d2e849b56
https://conda.anaconda.org/main/noarch/attrs-19.3.0-py_0.tar.bz2#ebeb075ab07bf93a297ecfda7f76decb
https://conda.anaconda.org/main/noarch/backcall-0.2.0-py_0.tar.bz2#3d4549a36a54448196be416097f0ff64
https://conda.anaconda.org/main/linux-64/certifi-2020.6.20-py36_0.tar.bz2#abf97316466c8769b7772e90d750fa66
https://conda.anaconda.org/main/linux-64/chardet-3.0.4-py36_1003.tar.bz2#bb767b94c2d4db2ff14865a281f2716b
https://conda.anaconda.org/main/noarch/decorator-4.4.2-py_0.tar.bz2#4e298eec53d4a26726195d61ae144faf
https://conda.anaconda.org/conda-forge/linux-64/frozendict-1.2-py36_0.tar.bz2#6141ace7bf1dd35a7b195996e3e1a68f
https://conda.anaconda.org/main/noarch/idna-2.10-py_0.tar.bz2#4b382d70696184fe9fcb7c75682664dc
https://conda.anaconda.org/main/linux-64/ipython_genutils-0.2.0-py36_0.tar.bz2#91bd9ce667d64b1009545f4d94c97ad8
https://conda.anaconda.org/main/linux-64/llvmlite-0.25.0-py36hd408876_0.tar.bz2#e85200debaac22b1696803d17798eea8
https://conda.anaconda.org/main/noarch/monotonic-1.5-py_0.tar.bz2#371d1dffd3fe0c6da1fe6423b7509337
https://conda.anaconda.org/main/linux-64/msgpack-python-1.0.0-py36hfd86e86_1.tar.bz2#f713ea1ceca9fc656e00cb145a0f8dc6
https://conda.anaconda.org/main/linux-64/ninja-1.10.0-py36hfd86e86_0.tar.bz2#8a7e5de0118cf0f49eb69911765d311d
https://conda.anaconda.org/main/linux-64/numpy-base-1.14.6-py36h2f8d375_5.tar.bz2#0577ef42fcacacbf3343b1cc3321a28b
https://conda.anaconda.org/conda-forge/noarch/parso-0.7.1-pyh9f0ad1d_0.tar.bz2#f66647d1ec805566d72ac26f62b19c01
https://conda.anaconda.org/main/linux-64/pickleshare-0.7.5-py36_0.tar.bz2#6315af5d1aa85e6c0ff4d05477a9c019
https://conda.anaconda.org/main/linux-64/ptyprocess-0.6.0-py36_0.tar.bz2#b037b3268569b310d15136134d883c72
https://conda.anaconda.org/main/noarch/pycparser-2.20-py_2.tar.bz2#bc20c885814700fdc0187918f9aff9ac
https://conda.anaconda.org/main/noarch/pyparsing-2.4.7-py_0.tar.bz2#f185dd8ef8d8d543666158c07b3afe13
https://conda.anaconda.org/main/linux-64/pysocks-1.7.1-py36_0.tar.bz2#87279173326d098c2706b14959e64954
https://conda.anaconda.org/conda-forge/linux-64/python_abi-3.6-1_cp36m.tar.bz2#7f3681b01bd688b48bfbdae483b2918f
https://conda.anaconda.org/main/noarch/pytz-2020.1-py_0.tar.bz2#ed81825324989d8f8f77a4ffd6ad1fdc
https://conda.anaconda.org/main/linux-64/pyyaml-5.3.1-py36h7b6447c_1.tar.bz2#d78008167ba516c90df6242250fe93dc
https://conda.anaconda.org/main/noarch/six-1.15.0-py_0.tar.bz2#0d41d5bff9a456f76f0ef718dc7a573a
https://conda.anaconda.org/main/noarch/toolz-0.10.0-py_0.tar.bz2#0174db18693bebfed1e414f6be7b9169
https://conda.anaconda.org/main/noarch/wcwidth-0.2.5-py_0.tar.bz2#d2e33d50573939f4724f8fbd0dcc3439
https://conda.anaconda.org/main/noarch/zipp-3.1.0-py_0.tar.bz2#9ae8197a39c6d488df16fd061b29fb71
https://conda.anaconda.org/uw-ipd/noarch/attrs-strict-0.2.0-py_0.tar.bz2#19d7e1fe56a6c71cdd4dc133c2a1bdf4
https://conda.anaconda.org/main/noarch/cattrs-1.0.0-py_1.tar.bz2#d706e9957a1b0fc41590bbd1a9199ea9
https://conda.anaconda.org/conda-forge/linux-64/cffi-1.14.1-py36h0ff685e_0.tar.bz2#ccd9d7b5af2d181f3597c388a11bc141
https://conda.anaconda.org/main/noarch/fasteners-0.15-py_0.tar.bz2#162b371c55397c81acd21e27ff5cb14c
https://conda.anaconda.org/main/linux-64/importlib-metadata-1.7.0-py36_0.tar.bz2#e0ae32a1f5d5ffb81223ac7ce97e918b
https://conda.anaconda.org/conda-forge/linux-64/jedi-0.17.2-py36h9f0ad1d_0.tar.bz2#65c3dec7d3bc504f437977ecc03968e7
https://conda.anaconda.org/main/linux-64/numpy-1.14.6-py36hec00662_5.tar.bz2#c346b5e1f673403114a269be16a1b50b
https://conda.anaconda.org/main/noarch/packaging-20.4-py_0.tar.bz2#80eb4e4cda8abe15fb013ab97a0b5bd9
https://conda.anaconda.org/main/linux-64/pexpect-4.8.0-py36_0.tar.bz2#3a57bbcf9a2f32390159749ac4a1d6a9
https://conda.anaconda.org/main/noarch/python-dateutil-2.8.1-py_0.tar.bz2#58a898b1a4a13e8c0cfd0d4b1a999ba9
https://conda.anaconda.org/conda-forge/linux-64/setuptools-49.2.1-py36h9f0ad1d_0.tar.bz2#ab8149654ad75457a6a20828e1b95584
https://conda.anaconda.org/main/linux-64/traitlets-4.3.3-py36_0.tar.bz2#44b52bb016a744d011d96b8dd9bed2c5
https://conda.anaconda.org/main/linux-64/brotlipy-0.7.0-py36h7b6447c_1000.tar.bz2#161ceb0451a476f04e2968bfc0b16586
https://conda.anaconda.org/conda-forge/linux-64/cryptography-3.0-py36h45558ae_0.tar.bz2#72fb04899e6d97e2777e5c34776319d6
https://conda.anaconda.org/main/noarch/importlib_metadata-1.7.0-0.tar.bz2#d77fe40254a8ac343cb5e6ae6daa8ae9
https://conda.anaconda.org/numba/linux-64/numba-0.40.0-np114py36hf484d3e_0.tar.bz2#a4d83c38c515d07c9ab9a9dd22481324
https://conda.anaconda.org/main/linux-64/numcodecs-0.6.4-py36he6710b0_0.tar.bz2#4bfa3407e0a67a630fafef1da714106b
https://conda.anaconda.org/main/linux-64/pandas-0.22.0-py36hf484d3e_0.tar.bz2#ef3840d0e79433294137c377dbcf0cde
https://conda.anaconda.org/main/noarch/pygments-2.6.1-py_0.tar.bz2#67fd9646eb0c49c4fafec67b88d9c404
https://conda.anaconda.org/pytorch/linux-64/pytorch-1.0.1-py3.6_cuda10.0.130_cudnn7.4.2_2.tar.bz2#57ef9ba9e1ae94b2bc573fa134a8d90a
https://conda.anaconda.org/main/linux-64/scipy-1.1.0-py36he2b7bc3_2.tar.bz2#366c8d88ea8bfd24453a4bf9d9c9cc91
https://conda.anaconda.org/main/linux-64/wheel-0.34.2-py36_0.tar.bz2#cf891a92193ceeb74a65b836bdbfa042
https://conda.anaconda.org/conda-forge/noarch/pint-0.14-py_0.tar.bz2#3010ea22c0b9f87d7e8b4b99e7ceb077
https://conda.anaconda.org/conda-forge/noarch/pip-20.2.1-py_0.tar.bz2#d73d327e9d8e4c5a7359dfc3c7466dde
https://conda.anaconda.org/main/noarch/prompt-toolkit-3.0.5-py_0.tar.bz2#dcd44b1660431a85601ee0d41a7cc864
https://conda.anaconda.org/main/linux-64/pyopenssl-19.1.0-py36_0.tar.bz2#356b21322b72eaff03c26f0abdb658d7
https://conda.anaconda.org/conda-forge/noarch/sparse-0.3.1-py_0.tar.bz2#753266f7f7e8f6440de046d0d42c97c2
https://conda.anaconda.org/conda-forge/noarch/zarr-2.4.0-py_0.tar.bz2#57d5031b1a07f73f6a671fba6eccbd2a
https://conda.anaconda.org/main/linux-64/ipython-7.16.1-py36h5ca1d4c_0.tar.bz2#5fe5fe1520da221b8064f0d6b732c6c0
https://conda.anaconda.org/conda-forge/noarch/urllib3-1.25.10-py_0.tar.bz2#82cde2a532177697e42a090add881db8
https://conda.anaconda.org/main/noarch/requests-2.24.0-py_0.tar.bz2#0da8872d36b3ef33859654b6d0fea148
