# platform: osx-64
# env_hash: cc1555b2da3343145333635351e1b6a37bc5477119ce5bd20a22b722980a6c97
@EXPLICIT
https://conda.anaconda.org/main/osx-64/blas-1.0-openblas.tar.bz2#38fd73cba341639c45d8c747b08c9cc1
https://conda.anaconda.org/main/osx-64/ca-certificates-2020.6.24-0.tar.bz2#e4d4dce8a45e32cbb730e47d564a9fbc
https://conda.anaconda.org/main/osx-64/compiler-rt-4.0.1-hcfea43d_1.tar.bz2#efc8778924cf84791d4ac40957815e61
https://conda.anaconda.org/main/osx-64/libcxxabi-4.0.1-hcfea43d_1.tar.bz2#b06555a43b9c0857b87b342115bea761
https://conda.anaconda.org/main/osx-64/libgfortran-3.0.1-h93005f0_2.tar.bz2#e3a6e2b1a232418bbac9c47866273bdd
https://conda.anaconda.org/conda-forge/osx-64/llvm-openmp-10.0.1-h28b9765_0.tar.bz2#c75ab018203fefa1a87b17ef5d182ca4
https://conda.anaconda.org/conda-forge/osx-64/tbb-2018_20171205-0.tar.bz2#504d350b6a38fc6a4139af8a69df5fc5
https://conda.anaconda.org/main/osx-64/xz-5.2.5-h1de35cc_0.tar.bz2#9ae05a921d148dc61b64b2685145cf82
https://conda.anaconda.org/main/osx-64/yaml-0.2.5-haf1e3a3_0.tar.bz2#cbfabc8518e50cc4726b86d1d8b6400a
https://conda.anaconda.org/main/osx-64/zlib-1.2.11-h1de35cc_3.tar.bz2#6fddebfbe8354dd5fdb5ac8d56dec5bf
https://conda.anaconda.org/main/osx-64/libcxx-4.0.1-hcfea43d_1.tar.bz2#20dfb0ac1fa34f5ebe5c559043181939
https://conda.anaconda.org/main/osx-64/libopenblas-0.3.10-h0794777_0.tar.bz2#e27e900ebbc8b4ffa29f740f848b0f15
https://conda.anaconda.org/conda-forge/osx-64/mkl-2020.2-260.tar.bz2#c44f68569197ca6de58548450750057a
https://conda.anaconda.org/main/osx-64/nomkl-3.0-0.tar.bz2#d6fab0c8315628f7594ed7e0f23bb64d
https://conda.anaconda.org/main/osx-64/openssl-1.1.1g-h1de35cc_0.tar.bz2#7ff52f877273e8df7c60efdef7ee98fa
https://conda.anaconda.org/main/osx-64/tk-8.6.10-hb0a8c7a_0.tar.bz2#89085878dfca80e48aa2f82302017c25
https://conda.anaconda.org/main/osx-64/cctools-895-1.tar.bz2#4321fdc4941a9d3c7abb6193f5abdd54
https://conda.anaconda.org/main/osx-64/libffi-3.3-h0a44026_1.tar.bz2#0f1c16284d17c5bb6607175a514a213a
https://conda.anaconda.org/main/osx-64/llvm-lto-tapi-4.0.1-1.tar.bz2#5cefe64d5b18b891d7a43b808d66366f
https://conda.anaconda.org/main/osx-64/ncurses-6.2-h0a44026_1.tar.bz2#f9b0393a71549899f7b20e100da46904
https://conda.anaconda.org/main/osx-64/openblas-devel-0.3.10-0.tar.bz2#b10f79748eddadb2c818dfe15def4b41
https://conda.anaconda.org/main/osx-64/ld64-274.2-1.tar.bz2#c56e593b82695b30b3d5e3621f62bc96
https://conda.anaconda.org/main/osx-64/libedit-3.1.20191231-h1de35cc_1.tar.bz2#6e3ad1781c11cf05be9980aac0094f9e
https://conda.anaconda.org/main/osx-64/openblas-0.3.10-0.tar.bz2#a37790ba57505ede164185f52194c26e
https://conda.anaconda.org/main/osx-64/readline-8.0-h1de35cc_0.tar.bz2#39f9a6a6e46700c4c336dddfbb6b6001
https://conda.anaconda.org/main/osx-64/llvm-4.0.1-1.tar.bz2#6005b388035d6a5aca7b01eb705d147d
https://conda.anaconda.org/main/osx-64/sqlite-3.32.3-hffcf06c_0.tar.bz2#e5357590a2f11c650855bb54926319ef
https://conda.anaconda.org/main/osx-64/clang-4.0.1-1.tar.bz2#b3302bc06e4c0689aea7737c4bc85791
https://conda.anaconda.org/main/osx-64/python-3.6.10-hf48f09d_2.tar.bz2#6e82ecad3fdc6170b38d31bf5e9e4868
https://conda.anaconda.org/main/osx-64/appnope-0.1.0-py36hf537a9a_0.tar.bz2#2c2817783c67a92a00580d6ddf624567
https://conda.anaconda.org/main/noarch/asciitree-0.3.3-py_2.tar.bz2#c39f5ec48b011f1fe24dee7949378176
https://conda.anaconda.org/conda-forge/noarch/astor-0.8.1-pyh9f0ad1d_0.tar.bz2#6ae770689be59dc391ef974d2e849b56
https://conda.anaconda.org/main/noarch/attrs-19.3.0-py_0.tar.bz2#ebeb075ab07bf93a297ecfda7f76decb
https://conda.anaconda.org/main/noarch/backcall-0.2.0-py_0.tar.bz2#3d4549a36a54448196be416097f0ff64
https://conda.anaconda.org/main/osx-64/certifi-2020.6.20-py36_0.tar.bz2#1a361521b271ba4e974e774037b46e9b
https://conda.anaconda.org/main/osx-64/chardet-3.0.4-py36_1003.tar.bz2#73b5587ae3ece494c2c07140463eb9c2
https://conda.anaconda.org/main/osx-64/clang_osx-64-4.0.1-h1ce6c1d_18.tar.bz2#d5a6895ad66479747b573c95dba4d1da
https://conda.anaconda.org/main/osx-64/clangxx-4.0.1-1.tar.bz2#a5408743abafcc4b38a21766c04ad52f
https://conda.anaconda.org/main/noarch/decorator-4.4.2-py_0.tar.bz2#4e298eec53d4a26726195d61ae144faf
https://conda.anaconda.org/conda-forge/osx-64/frozendict-1.2-py36_0.tar.bz2#2ac618a16dbd03a376d545559a7610e1
https://conda.anaconda.org/main/noarch/idna-2.10-py_0.tar.bz2#4b382d70696184fe9fcb7c75682664dc
https://conda.anaconda.org/main/osx-64/ipython_genutils-0.2.0-py36_0.tar.bz2#a701c05b6e9d316cd289743bf9060901
https://conda.anaconda.org/main/osx-64/llvmlite-0.25.0-py36h8c7ce04_0.tar.bz2#ff67907393e1f292a5abb14082d716ee
https://conda.anaconda.org/main/noarch/monotonic-1.5-py_0.tar.bz2#371d1dffd3fe0c6da1fe6423b7509337
https://conda.anaconda.org/main/osx-64/msgpack-python-1.0.0-py36h04f5b5a_1.tar.bz2#dfc30937463202d297f887c76ed9679d
https://conda.anaconda.org/main/osx-64/ninja-1.9.0-py36h04f5b5a_0.tar.bz2#5f7e007ff5ee4761856ddfa09c9aa789
https://conda.anaconda.org/main/osx-64/numpy-base-1.14.6-py36ha711998_5.tar.bz2#59546496fd423df961e266cbbe834b7a
https://conda.anaconda.org/conda-forge/noarch/parso-0.7.1-pyh9f0ad1d_0.tar.bz2#f66647d1ec805566d72ac26f62b19c01
https://conda.anaconda.org/main/osx-64/pickleshare-0.7.5-py36_0.tar.bz2#82f1b5b872e44352d6d2822cc30ab9f1
https://conda.anaconda.org/main/osx-64/ptyprocess-0.6.0-py36_0.tar.bz2#e5ed1afcaf48aea6e3b62c6a1ed521d3
https://conda.anaconda.org/main/noarch/pycparser-2.20-py_2.tar.bz2#bc20c885814700fdc0187918f9aff9ac
https://conda.anaconda.org/main/noarch/pyparsing-2.4.7-py_0.tar.bz2#f185dd8ef8d8d543666158c07b3afe13
https://conda.anaconda.org/main/osx-64/pysocks-1.7.1-py36_0.tar.bz2#dfd904bdb539023dc0506381f396beb5
https://conda.anaconda.org/conda-forge/osx-64/python_abi-3.6-1_cp36m.tar.bz2#b5288c464326cc7a5827251344e5098f
https://conda.anaconda.org/main/noarch/pytz-2020.1-py_0.tar.bz2#ed81825324989d8f8f77a4ffd6ad1fdc
https://conda.anaconda.org/main/osx-64/pyyaml-5.3.1-py36haf1e3a3_1.tar.bz2#c496a47a0b07a4a91c1db6768bd82855
https://conda.anaconda.org/main/noarch/six-1.15.0-py_0.tar.bz2#0d41d5bff9a456f76f0ef718dc7a573a
https://conda.anaconda.org/main/noarch/toolz-0.10.0-py_0.tar.bz2#0174db18693bebfed1e414f6be7b9169
https://conda.anaconda.org/main/noarch/wcwidth-0.2.5-py_0.tar.bz2#d2e33d50573939f4724f8fbd0dcc3439
https://conda.anaconda.org/main/noarch/zipp-3.1.0-py_0.tar.bz2#9ae8197a39c6d488df16fd061b29fb71
https://conda.anaconda.org/main/noarch/cattrs-1.0.0-py_1.tar.bz2#d706e9957a1b0fc41590bbd1a9199ea9
https://conda.anaconda.org/main/osx-64/cffi-1.14.0-py36hc512035_1.tar.bz2#f533178a970d9ff3a820cbaf65c332b7
https://conda.anaconda.org/main/osx-64/clangxx_osx-64-4.0.1-h22b1bf0_18.tar.bz2#a1795b61f00b4397a53b8bfde9124e86
https://conda.anaconda.org/main/noarch/fasteners-0.15-py_0.tar.bz2#162b371c55397c81acd21e27ff5cb14c
https://conda.anaconda.org/main/osx-64/importlib-metadata-1.7.0-py36_0.tar.bz2#a37dbcca97ddc5792bde1d9f42b88b2e
https://conda.anaconda.org/conda-forge/osx-64/jedi-0.17.2-py36h9f0ad1d_0.tar.bz2#79b4913a5a11c2cd9f9455f57c7b2de4
https://conda.anaconda.org/main/osx-64/numpy-1.14.6-py36ha462648_5.tar.bz2#16c2d1494e21601bd1cecbfbf31327f1
https://conda.anaconda.org/main/noarch/packaging-20.4-py_0.tar.bz2#80eb4e4cda8abe15fb013ab97a0b5bd9
https://conda.anaconda.org/main/osx-64/pexpect-4.8.0-py36_0.tar.bz2#b3cb6ce5c5e93a05c8c33659882d3e69
https://conda.anaconda.org/main/noarch/python-dateutil-2.8.1-py_0.tar.bz2#58a898b1a4a13e8c0cfd0d4b1a999ba9
https://conda.anaconda.org/conda-forge/osx-64/setuptools-49.2.1-py36h9f0ad1d_0.tar.bz2#67e3f0fb37164a08fefca64f0560952b
https://conda.anaconda.org/main/osx-64/traitlets-4.3.3-py36_0.tar.bz2#e7a046b04edb8e5ca8c4ae0725160d8e
https://conda.anaconda.org/main/osx-64/brotlipy-0.7.0-py36haf1e3a3_1000.tar.bz2#a572c508f64c4d7ca6440c09d0659aaf
https://conda.anaconda.org/conda-forge/osx-64/cryptography-3.0-py36h54f4bc5_0.tar.bz2#a043c8342c3cabb3a99b5a728bcccd2f
https://conda.anaconda.org/main/noarch/importlib_metadata-1.7.0-0.tar.bz2#d77fe40254a8ac343cb5e6ae6daa8ae9
https://conda.anaconda.org/numba/osx-64/numba-0.40.0-np114py36h0a44026_0.tar.bz2#5301f0b3274d1061eb71d7ab0278618e
https://conda.anaconda.org/main/osx-64/numcodecs-0.6.4-py36h0a44026_0.tar.bz2#50872c93ce86dbf2f7ce26f180b05e39
https://conda.anaconda.org/main/osx-64/pandas-0.22.0-py36h0a44026_0.tar.bz2#17563fb007394d7e498f2f169e3eeb0e
https://conda.anaconda.org/main/noarch/pygments-2.6.1-py_0.tar.bz2#67fd9646eb0c49c4fafec67b88d9c404
https://conda.anaconda.org/pytorch/osx-64/pytorch-1.0.1-py3.6_2.tar.bz2#61d80aab1115227246a9f77922c3d242
https://conda.anaconda.org/main/osx-64/scipy-1.1.0-py36h1a1e112_2.tar.bz2#71c9ba8e0b6e6d1c040d85f054d3ca3c
https://conda.anaconda.org/main/osx-64/wheel-0.34.2-py36_0.tar.bz2#9eff1b220d617eb67781bd19ed44074f
https://conda.anaconda.org/conda-forge/noarch/pint-0.14-py_0.tar.bz2#3010ea22c0b9f87d7e8b4b99e7ceb077
https://conda.anaconda.org/conda-forge/noarch/pip-20.2.1-py_0.tar.bz2#d73d327e9d8e4c5a7359dfc3c7466dde
https://conda.anaconda.org/main/noarch/prompt-toolkit-3.0.5-py_0.tar.bz2#dcd44b1660431a85601ee0d41a7cc864
https://conda.anaconda.org/main/osx-64/pyopenssl-19.1.0-py36_0.tar.bz2#c89b9fc953234a4d4b08b502f07bfd9d
https://conda.anaconda.org/conda-forge/noarch/sparse-0.3.1-py_0.tar.bz2#753266f7f7e8f6440de046d0d42c97c2
https://conda.anaconda.org/conda-forge/noarch/zarr-2.4.0-py_0.tar.bz2#57d5031b1a07f73f6a671fba6eccbd2a
https://conda.anaconda.org/main/osx-64/ipython-7.16.1-py36h5ca1d4c_0.tar.bz2#430f539ae3739024fdea5d965f61aeba
https://conda.anaconda.org/conda-forge/noarch/urllib3-1.25.10-py_0.tar.bz2#82cde2a532177697e42a090add881db8
https://conda.anaconda.org/main/noarch/requests-2.24.0-py_0.tar.bz2#0da8872d36b3ef33859654b6d0fea148
